
Microsoft Visual Studio Solution File, Format Version 10.00
# Visual Studio 2008
Project("{D183A3D8-5FD8-494B-B014-37F57B35E655}") = "ITR-HistoryExtract", "ITR-HistoryExtract\ITR-HistoryExtract.dtproj", "{2A13D745-F988-41CC-BB9E-EB9E7A881D71}"
EndProject
Global
	GlobalSection(SolutionConfigurationPlatforms) = preSolution
		Development|Default = Development|Default
	EndGlobalSection
	GlobalSection(ProjectConfigurationPlatforms) = postSolution
		{2A13D745-F988-41CC-BB9E-EB9E7A881D71}.Development|Default.ActiveCfg = Development
		{2A13D745-F988-41CC-BB9E-EB9E7A881D71}.Development|Default.Build.0 = Development
	EndGlobalSection
	GlobalSection(SolutionProperties) = preSolution
		HideSolutionNode = FALSE
	EndGlobalSection
EndGlobal
